// !$*UTF8*$!
{
	archiveVersion = 1;
	classes = {
	};
	objectVersion = 48;
	objects = {

/* Begin PBXBuildFile section */
		601C01542069DC5F00C11B53 /* FriendViewController.swift in Sources */ = {isa = PBXBuildFile; fileRef = 601C01532069DC5F00C11B53 /* FriendViewController.swift */; };
		601C01572069DE0300C11B53 /* FriendTableViewCell.swift in Sources */ = {isa = PBXBuildFile; fileRef = 601C01562069DE0300C11B53 /* FriendTableViewCell.swift */; };
		601C015D2069E88800C11B53 /* SWRevealViewController.m in Sources */ = {isa = PBXBuildFile; fileRef = 601C015C2069E88800C11B53 /* SWRevealViewController.m */; };
		601C01622069E8F500C11B53 /* CAAnimation+WAnimation.m in Sources */ = {isa = PBXBuildFile; fileRef = 601C01602069E8F500C11B53 /* CAAnimation+WAnimation.m */; };
		601C01672069E8FF00C11B53 /* UITabBarItem+WZLBadge.m in Sources */ = {isa = PBXBuildFile; fileRef = 601C01632069E8FD00C11B53 /* UITabBarItem+WZLBadge.m */; };
		601C01682069E8FF00C11B53 /* UIBarButtonItem+WZLBadge.m in Sources */ = {isa = PBXBuildFile; fileRef = 601C01662069E8FF00C11B53 /* UIBarButtonItem+WZLBadge.m */; };
		601C016B2069E90600C11B53 /* UIView+WZLBadge.m in Sources */ = {isa = PBXBuildFile; fileRef = 601C016A2069E90600C11B53 /* UIView+WZLBadge.m */; };
		601C016D2069E91D00C11B53 /* WZLBadgeImport.h in Sources */ = {isa = PBXBuildFile; fileRef = 601C016C2069E90C00C11B53 /* WZLBadgeImport.h */; };
		601C016E2069E91D00C11B53 /* UIView+WZLBadge.h in Sources */ = {isa = PBXBuildFile; fileRef = 601C01692069E90500C11B53 /* UIView+WZLBadge.h */; };
		601C016F2069E91D00C11B53 /* WZLBadgeProtocol.h in Sources */ = {isa = PBXBuildFile; fileRef = 601C015F2069E8ED00C11B53 /* WZLBadgeProtocol.h */; };
		601C01702069E91D00C11B53 /* CAAnimation+WAnimation.h in Sources */ = {isa = PBXBuildFile; fileRef = 601C01612069E8F500C11B53 /* CAAnimation+WAnimation.h */; };
		601C01712069E91D00C11B53 /* UIBarButtonItem+WZLBadge.h in Sources */ = {isa = PBXBuildFile; fileRef = 601C01652069E8FE00C11B53 /* UIBarButtonItem+WZLBadge.h */; };
		601C01722069E91D00C11B53 /* UITabBarItem+WZLBadge.h in Sources */ = {isa = PBXBuildFile; fileRef = 601C01642069E8FE00C11B53 /* UITabBarItem+WZLBadge.h */; };
		601C01732069E92200C11B53 /* SWRevealViewController.h in Sources */ = {isa = PBXBuildFile; fileRef = 601C015B2069E88800C11B53 /* SWRevealViewController.h */; };
		601C0175206A007A00C11B53 /* RightViewController.swift in Sources */ = {isa = PBXBuildFile; fileRef = 601C0174206A007A00C11B53 /* RightViewController.swift */; };
		601C8604206A269500F647BB /* ChatViewController.m in Sources */ = {isa = PBXBuildFile; fileRef = 601C8602206A269500F647BB /* ChatViewController.m */; };
		601C8605206A269500F647BB /* ChatViewController.xib in Resources */ = {isa = PBXBuildFile; fileRef = 601C8603206A269500F647BB /* ChatViewController.xib */; };
		601C8608206A277400F647BB /* KeyboardView.m in Sources */ = {isa = PBXBuildFile; fileRef = 601C8607206A277400F647BB /* KeyboardView.m */; };
		60E8A30320624C190047D59F /* AppDelegate.swift in Sources */ = {isa = PBXBuildFile; fileRef = 60E8A30220624C190047D59F /* AppDelegate.swift */; };
		60E8A30520624C190047D59F /* ViewController.swift in Sources */ = {isa = PBXBuildFile; fileRef = 60E8A30420624C190047D59F /* ViewController.swift */; };
		60E8A30820624C190047D59F /* Main.storyboard in Resources */ = {isa = PBXBuildFile; fileRef = 60E8A30620624C190047D59F /* Main.storyboard */; };
		60E8A30A20624C190047D59F /* Assets.xcassets in Resources */ = {isa = PBXBuildFile; fileRef = 60E8A30920624C190047D59F /* Assets.xcassets */; };
		60E8A30D20624C190047D59F /* LaunchScreen.storyboard in Resources */ = {isa = PBXBuildFile; fileRef = 60E8A30B20624C190047D59F /* LaunchScreen.storyboard */; };
		60E8A31820624C1A0047D59F /* IMSamplerTests.swift in Sources */ = {isa = PBXBuildFile; fileRef = 60E8A31720624C1A0047D59F /* IMSamplerTests.swift */; };
		60E8A32320624C1A0047D59F /* IMSamplerUITests.swift in Sources */ = {isa = PBXBuildFile; fileRef = 60E8A32220624C1A0047D59F /* IMSamplerUITests.swift */; };
		60E8A3372062574B0047D59F /* CocoaLumberjackSwift.framework in Frameworks */ = {isa = PBXBuildFile; fileRef = 60E8A3312062574B0047D59F /* CocoaLumberjackSwift.framework */; };
		60E8A3382062574B0047D59F /* CocoaAsyncSocket.framework in Frameworks */ = {isa = PBXBuildFile; fileRef = 60E8A3322062574B0047D59F /* CocoaAsyncSocket.framework */; };
		60E8A3392062574B0047D59F /* KissXML.framework in Frameworks */ = {isa = PBXBuildFile; fileRef = 60E8A3332062574B0047D59F /* KissXML.framework */; };
		60E8A33A2062574B0047D59F /* libidn.framework in Frameworks */ = {isa = PBXBuildFile; fileRef = 60E8A3342062574B0047D59F /* libidn.framework */; };
		60E8A33C2062574B0047D59F /* XMPPFrameworkSwift.framework in Frameworks */ = {isa = PBXBuildFile; fileRef = 60E8A3362062574B0047D59F /* XMPPFrameworkSwift.framework */; };
		60E8A34020625E350047D59F /* CocoaLumberjackSwift.framework in Frameworks */ = {isa = PBXBuildFile; fileRef = 60E8A3312062574B0047D59F /* CocoaLumberjackSwift.framework */; };
		60E8A34120625E350047D59F /* CocoaLumberjackSwift.framework in Embed Frameworks */ = {isa = PBXBuildFile; fileRef = 60E8A3312062574B0047D59F /* CocoaLumberjackSwift.framework */; settings = {ATTRIBUTES = (CodeSignOnCopy, RemoveHeadersOnCopy, ); }; };
		60E8A34320625E510047D59F /* CocoaAsyncSocket.framework in Frameworks */ = {isa = PBXBuildFile; fileRef = 60E8A3322062574B0047D59F /* CocoaAsyncSocket.framework */; };
		60E8A34420625E510047D59F /* CocoaAsyncSocket.framework in Embed Frameworks */ = {isa = PBXBuildFile; fileRef = 60E8A3322062574B0047D59F /* CocoaAsyncSocket.framework */; settings = {ATTRIBUTES = (CodeSignOnCopy, RemoveHeadersOnCopy, ); }; };
		60E8A34520625E710047D59F /* KissXML.framework in Frameworks */ = {isa = PBXBuildFile; fileRef = 60E8A3332062574B0047D59F /* KissXML.framework */; };
		60E8A34620625E710047D59F /* KissXML.framework in Embed Frameworks */ = {isa = PBXBuildFile; fileRef = 60E8A3332062574B0047D59F /* KissXML.framework */; settings = {ATTRIBUTES = (CodeSignOnCopy, RemoveHeadersOnCopy, ); }; };
		60E8A34720625E860047D59F /* libidn.framework in Frameworks */ = {isa = PBXBuildFile; fileRef = 60E8A3342062574B0047D59F /* libidn.framework */; };
		60E8A34820625E860047D59F /* libidn.framework in Embed Frameworks */ = {isa = PBXBuildFile; fileRef = 60E8A3342062574B0047D59F /* libidn.framework */; settings = {ATTRIBUTES = (CodeSignOnCopy, RemoveHeadersOnCopy, ); }; };
		60E8A34920625E8A0047D59F /* XMPPFrameworkSwift.framework in Frameworks */ = {isa = PBXBuildFile; fileRef = 60E8A3362062574B0047D59F /* XMPPFrameworkSwift.framework */; };
		60E8A34A20625E8A0047D59F /* XMPPFrameworkSwift.framework in Embed Frameworks */ = {isa = PBXBuildFile; fileRef = 60E8A3362062574B0047D59F /* XMPPFrameworkSwift.framework */; settings = {ATTRIBUTES = (CodeSignOnCopy, RemoveHeadersOnCopy, ); }; };
		60E8A34C20625EAF0047D59F /* XMPPFramework.framework in Frameworks */ = {isa = PBXBuildFile; fileRef = 60E8A34B20625EAF0047D59F /* XMPPFramework.framework */; };
		60E8A34D20625EB30047D59F /* XMPPFramework.framework in Frameworks */ = {isa = PBXBuildFile; fileRef = 60E8A34B20625EAF0047D59F /* XMPPFramework.framework */; };
		60E8A34E20625EB30047D59F /* XMPPFramework.framework in Embed Frameworks */ = {isa = PBXBuildFile; fileRef = 60E8A34B20625EAF0047D59F /* XMPPFramework.framework */; settings = {ATTRIBUTES = (CodeSignOnCopy, RemoveHeadersOnCopy, ); }; };
		60E8A34F20625EC20047D59F /* CocoaLumberjack.framework in Frameworks */ = {isa = PBXBuildFile; fileRef = 60E8A3352062574B0047D59F /* CocoaLumberjack.framework */; };
		60E8A35020625EC20047D59F /* CocoaLumberjack.framework in Embed Frameworks */ = {isa = PBXBuildFile; fileRef = 60E8A3352062574B0047D59F /* CocoaLumberjack.framework */; settings = {ATTRIBUTES = (CodeSignOnCopy, RemoveHeadersOnCopy, ); }; };
/* End PBXBuildFile section */

/* Begin PBXContainerItemProxy section */
		60E8A31420624C1A0047D59F /* PBXContainerItemProxy */ = {
			isa = PBXContainerItemProxy;
			containerPortal = 60E8A2F720624C190047D59F /* Project object */;
			proxyType = 1;
			remoteGlobalIDString = 60E8A2FE20624C190047D59F;
			remoteInfo = IMSampler;
		};
		60E8A31F20624C1A0047D59F /* PBXContainerItemProxy */ = {
			isa = PBXContainerItemProxy;
			containerPortal = 60E8A2F720624C190047D59F /* Project object */;
			proxyType = 1;
			remoteGlobalIDString = 60E8A2FE20624C190047D59F;
			remoteInfo = IMSampler;
		};
/* End PBXContainerItemProxy section */

/* Begin PBXCopyFilesBuildPhase section */
		60E8A34220625E350047D59F /* Embed Frameworks */ = {
			isa = PBXCopyFilesBuildPhase;
			buildActionMask = 2147483647;
			dstPath = "";
			dstSubfolderSpec = 10;
			files = (
				60E8A34420625E510047D59F /* CocoaAsyncSocket.framework in Embed Frameworks */,
				60E8A34A20625E8A0047D59F /* XMPPFrameworkSwift.framework in Embed Frameworks */,
				60E8A34620625E710047D59F /* KissXML.framework in Embed Frameworks */,
				60E8A34820625E860047D59F /* libidn.framework in Embed Frameworks */,
				60E8A34E20625EB30047D59F /* XMPPFramework.framework in Embed Frameworks */,
				60E8A35020625EC20047D59F /* CocoaLumberjack.framework in Embed Frameworks */,
				60E8A34120625E350047D59F /* CocoaLumberjackSwift.framework in Embed Frameworks */,
			);
			name = "Embed Frameworks";
			runOnlyForDeploymentPostprocessing = 0;
		};
/* End PBXCopyFilesBuildPhase section */

/* Begin PBXFileReference section */
		601C01522068A6F100C11B53 /* README.md */ = {isa = PBXFileReference; lastKnownFileType = net.daringfireball.markdown; path = README.md; sourceTree = "<group>"; };
		601C01532069DC5F00C11B53 /* FriendViewController.swift */ = {isa = PBXFileReference; lastKnownFileType = sourcecode.swift; path = FriendViewController.swift; sourceTree = "<group>"; };
		601C01562069DE0300C11B53 /* FriendTableViewCell.swift */ = {isa = PBXFileReference; lastKnownFileType = sourcecode.swift; path = FriendTableViewCell.swift; sourceTree = "<group>"; };
		601C015A2069E88700C11B53 /* IMSampler-Bridging-Header.h */ = {isa = PBXFileReference; lastKnownFileType = sourcecode.c.h; path = "IMSampler-Bridging-Header.h"; sourceTree = "<group>"; };
		601C015B2069E88800C11B53 /* SWRevealViewController.h */ = {isa = PBXFileReference; fileEncoding = 4; lastKnownFileType = sourcecode.c.h; path = SWRevealViewController.h; sourceTree = "<group>"; };
		601C015C2069E88800C11B53 /* SWRevealViewController.m */ = {isa = PBXFileReference; fileEncoding = 4; lastKnownFileType = sourcecode.c.objc; path = SWRevealViewController.m; sourceTree = "<group>"; };
		601C015F2069E8ED00C11B53 /* WZLBadgeProtocol.h */ = {isa = PBXFileReference; lastKnownFileType = sourcecode.c.h; path = WZLBadgeProtocol.h; sourceTree = "<group>"; };
		601C01602069E8F500C11B53 /* CAAnimation+WAnimation.m */ = {isa = PBXFileReference; fileEncoding = 4; lastKnownFileType = sourcecode.c.objc; path = "CAAnimation+WAnimation.m"; sourceTree = "<group>"; };
		601C01612069E8F500C11B53 /* CAAnimation+WAnimation.h */ = {isa = PBXFileReference; fileEncoding = 4; lastKnownFileType = sourcecode.c.h; path = "CAAnimation+WAnimation.h"; sourceTree = "<group>"; };
		601C01632069E8FD00C11B53 /* UITabBarItem+WZLBadge.m */ = {isa = PBXFileReference; fileEncoding = 4; lastKnownFileType = sourcecode.c.objc; path = "UITabBarItem+WZLBadge.m"; sourceTree = "<group>"; };
		601C01642069E8FE00C11B53 /* UITabBarItem+WZLBadge.h */ = {isa = PBXFileReference; fileEncoding = 4; lastKnownFileType = sourcecode.c.h; path = "UITabBarItem+WZLBadge.h"; sourceTree = "<group>"; };
		601C01652069E8FE00C11B53 /* UIBarButtonItem+WZLBadge.h */ = {isa = PBXFileReference; fileEncoding = 4; lastKnownFileType = sourcecode.c.h; path = "UIBarButtonItem+WZLBadge.h"; sourceTree = "<group>"; };
		601C01662069E8FF00C11B53 /* UIBarButtonItem+WZLBadge.m */ = {isa = PBXFileReference; fileEncoding = 4; lastKnownFileType = sourcecode.c.objc; path = "UIBarButtonItem+WZLBadge.m"; sourceTree = "<group>"; };
		601C01692069E90500C11B53 /* UIView+WZLBadge.h */ = {isa = PBXFileReference; fileEncoding = 4; lastKnownFileType = sourcecode.c.h; path = "UIView+WZLBadge.h"; sourceTree = "<group>"; };
		601C016A2069E90600C11B53 /* UIView+WZLBadge.m */ = {isa = PBXFileReference; fileEncoding = 4; lastKnownFileType = sourcecode.c.objc; path = "UIView+WZLBadge.m"; sourceTree = "<group>"; };
		601C016C2069E90C00C11B53 /* WZLBadgeImport.h */ = {isa = PBXFileReference; lastKnownFileType = sourcecode.c.h; path = WZLBadgeImport.h; sourceTree = "<group>"; };
		601C0174206A007A00C11B53 /* RightViewController.swift */ = {isa = PBXFileReference; lastKnownFileType = sourcecode.swift; path = RightViewController.swift; sourceTree = "<group>"; };
		601C8601206A269500F647BB /* ChatViewController.h */ = {isa = PBXFileReference; lastKnownFileType = sourcecode.c.h; path = ChatViewController.h; sourceTree = "<group>"; };
		601C8602206A269500F647BB /* ChatViewController.m */ = {isa = PBXFileReference; lastKnownFileType = sourcecode.c.objc; path = ChatViewController.m; sourceTree = "<group>"; };
		601C8603206A269500F647BB /* ChatViewController.xib */ = {isa = PBXFileReference; lastKnownFileType = file.xib; path = ChatViewController.xib; sourceTree = "<group>"; };
		601C8606206A277400F647BB /* KeyboardView.h */ = {isa = PBXFileReference; lastKnownFileType = sourcecode.c.h; path = KeyboardView.h; sourceTree = "<group>"; };
		601C8607206A277400F647BB /* KeyboardView.m */ = {isa = PBXFileReference; lastKnownFileType = sourcecode.c.objc; path = KeyboardView.m; sourceTree = "<group>"; };
		60E8A2FF20624C190047D59F /* IMSampler.app */ = {isa = PBXFileReference; explicitFileType = wrapper.application; includeInIndex = 0; path = IMSampler.app; sourceTree = BUILT_PRODUCTS_DIR; };
		60E8A30220624C190047D59F /* AppDelegate.swift */ = {isa = PBXFileReference; lastKnownFileType = sourcecode.swift; path = AppDelegate.swift; sourceTree = "<group>"; };
		60E8A30420624C190047D59F /* ViewController.swift */ = {isa = PBXFileReference; lastKnownFileType = sourcecode.swift; path = ViewController.swift; sourceTree = "<group>"; };
		60E8A30720624C190047D59F /* Base */ = {isa = PBXFileReference; lastKnownFileType = file.storyboard; name = Base; path = Base.lproj/Main.storyboard; sourceTree = "<group>"; };
		60E8A30920624C190047D59F /* Assets.xcassets */ = {isa = PBXFileReference; lastKnownFileType = folder.assetcatalog; path = Assets.xcassets; sourceTree = "<group>"; };
		60E8A30C20624C190047D59F /* Base */ = {isa = PBXFileReference; lastKnownFileType = file.storyboard; name = Base; path = Base.lproj/LaunchScreen.storyboard; sourceTree = "<group>"; };
		60E8A30E20624C1A0047D59F /* Info.plist */ = {isa = PBXFileReference; lastKnownFileType = text.plist.xml; path = Info.plist; sourceTree = "<group>"; };
		60E8A31320624C1A0047D59F /* IMSamplerTests.xctest */ = {isa = PBXFileReference; explicitFileType = wrapper.cfbundle; includeInIndex = 0; path = IMSamplerTests.xctest; sourceTree = BUILT_PRODUCTS_DIR; };
		60E8A31720624C1A0047D59F /* IMSamplerTests.swift */ = {isa = PBXFileReference; lastKnownFileType = sourcecode.swift; path = IMSamplerTests.swift; sourceTree = "<group>"; };
		60E8A31920624C1A0047D59F /* Info.plist */ = {isa = PBXFileReference; lastKnownFileType = text.plist.xml; path = Info.plist; sourceTree = "<group>"; };
		60E8A31E20624C1A0047D59F /* IMSamplerUITests.xctest */ = {isa = PBXFileReference; explicitFileType = wrapper.cfbundle; includeInIndex = 0; path = IMSamplerUITests.xctest; sourceTree = BUILT_PRODUCTS_DIR; };
		60E8A32220624C1A0047D59F /* IMSamplerUITests.swift */ = {isa = PBXFileReference; lastKnownFileType = sourcecode.swift; path = IMSamplerUITests.swift; sourceTree = "<group>"; };
		60E8A32420624C1A0047D59F /* Info.plist */ = {isa = PBXFileReference; lastKnownFileType = text.plist.xml; path = Info.plist; sourceTree = "<group>"; };
		60E8A3312062574B0047D59F /* CocoaLumberjackSwift.framework */ = {isa = PBXFileReference; lastKnownFileType = wrapper.framework; name = CocoaLumberjackSwift.framework; path = Carthage/Build/iOS/CocoaLumberjackSwift.framework; sourceTree = "<group>"; };
		60E8A3322062574B0047D59F /* CocoaAsyncSocket.framework */ = {isa = PBXFileReference; lastKnownFileType = wrapper.framework; name = CocoaAsyncSocket.framework; path = Carthage/Build/iOS/CocoaAsyncSocket.framework; sourceTree = "<group>"; };
		60E8A3332062574B0047D59F /* KissXML.framework */ = {isa = PBXFileReference; lastKnownFileType = wrapper.framework; name = KissXML.framework; path = Carthage/Build/iOS/KissXML.framework; sourceTree = "<group>"; };
		60E8A3342062574B0047D59F /* libidn.framework */ = {isa = PBXFileReference; lastKnownFileType = wrapper.framework; name = libidn.framework; path = Carthage/Build/iOS/libidn.framework; sourceTree = "<group>"; };
		60E8A3352062574B0047D59F /* CocoaLumberjack.framework */ = {isa = PBXFileReference; lastKnownFileType = wrapper.framework; name = CocoaLumberjack.framework; path = Carthage/Build/iOS/CocoaLumberjack.framework; sourceTree = "<group>"; };
		60E8A3362062574B0047D59F /* XMPPFrameworkSwift.framework */ = {isa = PBXFileReference; lastKnownFileType = wrapper.framework; name = XMPPFrameworkSwift.framework; path = Carthage/Build/iOS/XMPPFrameworkSwift.framework; sourceTree = "<group>"; };
		60E8A34B20625EAF0047D59F /* XMPPFramework.framework */ = {isa = PBXFileReference; lastKnownFileType = wrapper.framework; name = XMPPFramework.framework; path = Carthage/Build/iOS/XMPPFramework.framework; sourceTree = "<group>"; };
/* End PBXFileReference section */

/* Begin PBXFrameworksBuildPhase section */
		60E8A2FC20624C190047D59F /* Frameworks */ = {
			isa = PBXFrameworksBuildPhase;
			buildActionMask = 2147483647;
			files = (
				60E8A34C20625EAF0047D59F /* XMPPFramework.framework in Frameworks */,
				60E8A34F20625EC20047D59F /* CocoaLumberjack.framework in Frameworks */,
				60E8A34520625E710047D59F /* KissXML.framework in Frameworks */,
				60E8A34320625E510047D59F /* CocoaAsyncSocket.framework in Frameworks */,
				60E8A3372062574B0047D59F /* CocoaLumberjackSwift.framework in Frameworks */,
				60E8A3382062574B0047D59F /* CocoaAsyncSocket.framework in Frameworks */,
				60E8A34020625E350047D59F /* CocoaLumberjackSwift.framework in Frameworks */,
				60E8A3392062574B0047D59F /* KissXML.framework in Frameworks */,
				60E8A34920625E8A0047D59F /* XMPPFrameworkSwift.framework in Frameworks */,
				60E8A33A2062574B0047D59F /* libidn.framework in Frameworks */,
				60E8A33C2062574B0047D59F /* XMPPFrameworkSwift.framework in Frameworks */,
				60E8A34D20625EB30047D59F /* XMPPFramework.framework in Frameworks */,
				60E8A34720625E860047D59F /* libidn.framework in Frameworks */,
			);
			runOnlyForDeploymentPostprocessing = 0;
		};
		60E8A31020624C1A0047D59F /* Frameworks */ = {
			isa = PBXFrameworksBuildPhase;
			buildActionMask = 2147483647;
			files = (
			);
			runOnlyForDeploymentPostprocessing = 0;
		};
		60E8A31B20624C1A0047D59F /* Frameworks */ = {
			isa = PBXFrameworksBuildPhase;
			buildActionMask = 2147483647;
			files = (
			);
			runOnlyForDeploymentPostprocessing = 0;
		};
/* End PBXFrameworksBuildPhase section */

/* Begin PBXGroup section */
		601C01592069E87200C11B53 /* Vender */ = {
			isa = PBXGroup;
			children = (
				601C015E2069E8DE00C11B53 /* Badge */,
				601C015B2069E88800C11B53 /* SWRevealViewController.h */,
				601C015C2069E88800C11B53 /* SWRevealViewController.m */,
			);
			name = Vender;
			sourceTree = "<group>";
		};
		601C015E2069E8DE00C11B53 /* Badge */ = {
			isa = PBXGroup;
			children = (
				601C016C2069E90C00C11B53 /* WZLBadgeImport.h */,
				601C01692069E90500C11B53 /* UIView+WZLBadge.h */,
				601C016A2069E90600C11B53 /* UIView+WZLBadge.m */,
				601C015F2069E8ED00C11B53 /* WZLBadgeProtocol.h */,
				601C01612069E8F500C11B53 /* CAAnimation+WAnimation.h */,
				601C01602069E8F500C11B53 /* CAAnimation+WAnimation.m */,
				601C01652069E8FE00C11B53 /* UIBarButtonItem+WZLBadge.h */,
				601C01662069E8FF00C11B53 /* UIBarButtonItem+WZLBadge.m */,
				601C01642069E8FE00C11B53 /* UITabBarItem+WZLBadge.h */,
				601C01632069E8FD00C11B53 /* UITabBarItem+WZLBadge.m */,
			);
			name = Badge;
			sourceTree = "<group>";
		};
		60E8A2F620624C190047D59F = {
			isa = PBXGroup;
			children = (
				601C01522068A6F100C11B53 /* README.md */,
				60E8A30120624C190047D59F /* IMSampler */,
				60E8A31620624C1A0047D59F /* IMSamplerTests */,
				60E8A32120624C1A0047D59F /* IMSamplerUITests */,
				60E8A30020624C190047D59F /* Products */,
				60E8A3302062574B0047D59F /* Frameworks */,
			);
			sourceTree = "<group>";
		};
		60E8A30020624C190047D59F /* Products */ = {
			isa = PBXGroup;
			children = (
				60E8A2FF20624C190047D59F /* IMSampler.app */,
				60E8A31320624C1A0047D59F /* IMSamplerTests.xctest */,
				60E8A31E20624C1A0047D59F /* IMSamplerUITests.xctest */,
			);
			name = Products;
			sourceTree = "<group>";
		};
		60E8A30120624C190047D59F /* IMSampler */ = {
			isa = PBXGroup;
			children = (
				601C01592069E87200C11B53 /* Vender */,
				60E8A30220624C190047D59F /* AppDelegate.swift */,
				601C0174206A007A00C11B53 /* RightViewController.swift */,
				60E8A30420624C190047D59F /* ViewController.swift */,
				601C01562069DE0300C11B53 /* FriendTableViewCell.swift */,
				601C8606206A277400F647BB /* KeyboardView.h */,
				601C8607206A277400F647BB /* KeyboardView.m */,
				601C8601206A269500F647BB /* ChatViewController.h */,
				601C8602206A269500F647BB /* ChatViewController.m */,
				601C8603206A269500F647BB /* ChatViewController.xib */,
				601C01532069DC5F00C11B53 /* FriendViewController.swift */,
				60E8A30620624C190047D59F /* Main.storyboard */,
				60E8A30920624C190047D59F /* Assets.xcassets */,
				60E8A30B20624C190047D59F /* LaunchScreen.storyboard */,
				60E8A30E20624C1A0047D59F /* Info.plist */,
				601C015A2069E88700C11B53 /* IMSampler-Bridging-Header.h */,
			);
			path = IMSampler;
			sourceTree = "<group>";
		};
		60E8A31620624C1A0047D59F /* IMSamplerTests */ = {
			isa = PBXGroup;
			children = (
				60E8A31720624C1A0047D59F /* IMSamplerTests.swift */,
				60E8A31920624C1A0047D59F /* Info.plist */,
			);
			path = IMSamplerTests;
			sourceTree = "<group>";
		};
		60E8A32120624C1A0047D59F /* IMSamplerUITests */ = {
			isa = PBXGroup;
			children = (
				60E8A32220624C1A0047D59F /* IMSamplerUITests.swift */,
				60E8A32420624C1A0047D59F /* Info.plist */,
			);
			path = IMSamplerUITests;
			sourceTree = "<group>";
		};
		60E8A3302062574B0047D59F /* Frameworks */ = {
			isa = PBXGroup;
			children = (
				60E8A34B20625EAF0047D59F /* XMPPFramework.framework */,
				60E8A3322062574B0047D59F /* CocoaAsyncSocket.framework */,
				60E8A3352062574B0047D59F /* CocoaLumberjack.framework */,
				60E8A3312062574B0047D59F /* CocoaLumberjackSwift.framework */,
				60E8A3332062574B0047D59F /* KissXML.framework */,
				60E8A3342062574B0047D59F /* libidn.framework */,
				60E8A3362062574B0047D59F /* XMPPFrameworkSwift.framework */,
			);
			name = Frameworks;
			sourceTree = "<group>";
		};
/* End PBXGroup section */

/* Begin PBXNativeTarget section */
		60E8A2FE20624C190047D59F /* IMSampler */ = {
			isa = PBXNativeTarget;
			buildConfigurationList = 60E8A32720624C1A0047D59F /* Build configuration list for PBXNativeTarget "IMSampler" */;
			buildPhases = (
				60E8A2FB20624C190047D59F /* Sources */,
				60E8A2FC20624C190047D59F /* Frameworks */,
				60E8A2FD20624C190047D59F /* Resources */,
				60E8A34220625E350047D59F /* Embed Frameworks */,
			);
			buildRules = (
			);
			dependencies = (
			);
			name = IMSampler;
			productName = IMSampler;
			productReference = 60E8A2FF20624C190047D59F /* IMSampler.app */;
			productType = "com.apple.product-type.application";
		};
		60E8A31220624C1A0047D59F /* IMSamplerTests */ = {
			isa = PBXNativeTarget;
			buildConfigurationList = 60E8A32A20624C1A0047D59F /* Build configuration list for PBXNativeTarget "IMSamplerTests" */;
			buildPhases = (
				60E8A30F20624C1A0047D59F /* Sources */,
				60E8A31020624C1A0047D59F /* Frameworks */,
				60E8A31120624C1A0047D59F /* Resources */,
			);
			buildRules = (
			);
			dependencies = (
				60E8A31520624C1A0047D59F /* PBXTargetDependency */,
			);
			name = IMSamplerTests;
			productName = IMSamplerTests;
			productReference = 60E8A31320624C1A0047D59F /* IMSamplerTests.xctest */;
			productType = "com.apple.product-type.bundle.unit-test";
		};
		60E8A31D20624C1A0047D59F /* IMSamplerUITests */ = {
			isa = PBXNativeTarget;
			buildConfigurationList = 60E8A32D20624C1A0047D59F /* Build configuration list for PBXNativeTarget "IMSamplerUITests" */;
			buildPhases = (
				60E8A31A20624C1A0047D59F /* Sources */,
				60E8A31B20624C1A0047D59F /* Frameworks */,
				60E8A31C20624C1A0047D59F /* Resources */,
			);
			buildRules = (
			);
			dependencies = (
				60E8A32020624C1A0047D59F /* PBXTargetDependency */,
			);
			name = IMSamplerUITests;
			productName = IMSamplerUITests;
			productReference = 60E8A31E20624C1A0047D59F /* IMSamplerUITests.xctest */;
			productType = "com.apple.product-type.bundle.ui-testing";
		};
/* End PBXNativeTarget section */

/* Begin PBXProject section */
		60E8A2F720624C190047D59F /* Project object */ = {
			isa = PBXProject;
			attributes = {
				LastSwiftUpdateCheck = 0920;
				LastUpgradeCheck = 0920;
				ORGANIZATIONNAME = onelcat;
				TargetAttributes = {
					60E8A2FE20624C190047D59F = {
						CreatedOnToolsVersion = 9.2;
						LastSwiftMigration = 0920;
						ProvisioningStyle = Automatic;
					};
					60E8A31220624C1A0047D59F = {
						CreatedOnToolsVersion = 9.2;
						ProvisioningStyle = Automatic;
						TestTargetID = 60E8A2FE20624C190047D59F;
					};
					60E8A31D20624C1A0047D59F = {
						CreatedOnToolsVersion = 9.2;
						ProvisioningStyle = Automatic;
						TestTargetID = 60E8A2FE20624C190047D59F;
					};
				};
			};
			buildConfigurationList = 60E8A2FA20624C190047D59F /* Build configuration list for PBXProject "IMSampler" */;
			compatibilityVersion = "Xcode 8.0";
			developmentRegion = en;
			hasScannedForEncodings = 0;
			knownRegions = (
				en,
				Base,
			);
			mainGroup = 60E8A2F620624C190047D59F;
			productRefGroup = 60E8A30020624C190047D59F /* Products */;
			projectDirPath = "";
			projectRoot = "";
			targets = (
				60E8A2FE20624C190047D59F /* IMSampler */,
				60E8A31220624C1A0047D59F /* IMSamplerTests */,
				60E8A31D20624C1A0047D59F /* IMSamplerUITests */,
			);
		};
/* End PBXProject section */

/* Begin PBXResourcesBuildPhase section */
		60E8A2FD20624C190047D59F /* Resources */ = {
			isa = PBXResourcesBuildPhase;
			buildActionMask = 2147483647;
			files = (
				60E8A30D20624C190047D59F /* LaunchScreen.storyboard in Resources */,
				60E8A30A20624C190047D59F /* Assets.xcassets in Resources */,
				601C8605206A269500F647BB /* ChatViewController.xib in Resources */,
				60E8A30820624C190047D59F /* Main.storyboard in Resources */,
			);
			runOnlyForDeploymentPostprocessing = 0;
		};
		60E8A31120624C1A0047D59F /* Resources */ = {
			isa = PBXResourcesBuildPhase;
			buildActionMask = 2147483647;
			files = (
			);
			runOnlyForDeploymentPostprocessing = 0;
		};
		60E8A31C20624C1A0047D59F /* Resources */ = {
			isa = PBXResourcesBuildPhase;
			buildActionMask = 2147483647;
			files = (
			);
			runOnlyForDeploymentPostprocessing = 0;
		};
/* End PBXResourcesBuildPhase section */

/* Begin PBXSourcesBuildPhase section */
		60E8A2FB20624C190047D59F /* Sources */ = {
			isa = PBXSourcesBuildPhase;
			buildActionMask = 2147483647;
			files = (
				601C0175206A007A00C11B53 /* RightViewController.swift in Sources */,
				601C01732069E92200C11B53 /* SWRevealViewController.h in Sources */,
				601C016D2069E91D00C11B53 /* WZLBadgeImport.h in Sources */,
				601C016E2069E91D00C11B53 /* UIView+WZLBadge.h in Sources */,
				601C016F2069E91D00C11B53 /* WZLBadgeProtocol.h in Sources */,
				601C01702069E91D00C11B53 /* CAAnimation+WAnimation.h in Sources */,
				601C01712069E91D00C11B53 /* UIBarButtonItem+WZLBadge.h in Sources */,
				601C01722069E91D00C11B53 /* UITabBarItem+WZLBadge.h in Sources */,
				601C8604206A269500F647BB /* ChatViewController.m in Sources */,
				601C01542069DC5F00C11B53 /* FriendViewController.swift in Sources */,
				601C01622069E8F500C11B53 /* CAAnimation+WAnimation.m in Sources */,
				60E8A30520624C190047D59F /* ViewController.swift in Sources */,
				601C015D2069E88800C11B53 /* SWRevealViewController.m in Sources */,
				601C016B2069E90600C11B53 /* UIView+WZLBadge.m in Sources */,
				601C01672069E8FF00C11B53 /* UITabBarItem+WZLBadge.m in Sources */,
				60E8A30320624C190047D59F /* AppDelegate.swift in Sources */,
				601C01682069E8FF00C11B53 /* UIBarButtonItem+WZLBadge.m in Sources */,
				601C8608206A277400F647BB /* KeyboardView.m in Sources */,
				601C01572069DE0300C11B53 /* FriendTableViewCell.swift in Sources */,
			);
			runOnlyForDeploymentPostprocessing = 0;
		};
		60E8A30F20624C1A0047D59F /* Sources */ = {
			isa = PBXSourcesBuildPhase;
			buildActionMask = 2147483647;
			files = (
				60E8A31820624C1A0047D59F /* IMSamplerTests.swift in Sources */,
			);
			runOnlyForDeploymentPostprocessing = 0;
		};
		60E8A31A20624C1A0047D59F /* Sources */ = {
			isa = PBXSourcesBuildPhase;
			buildActionMask = 2147483647;
			files = (
				60E8A32320624C1A0047D59F /* IMSamplerUITests.swift in Sources */,
			);
			runOnlyForDeploymentPostprocessing = 0;
		};
/* End PBXSourcesBuildPhase section */

/* Begin PBXTargetDependency section */
		60E8A31520624C1A0047D59F /* PBXTargetDependency */ = {
			isa = PBXTargetDependency;
			target = 60E8A2FE20624C190047D59F /* IMSampler */;
			targetProxy = 60E8A31420624C1A0047D59F /* PBXContainerItemProxy */;
		};
		60E8A32020624C1A0047D59F /* PBXTargetDependency */ = {
			isa = PBXTargetDependency;
			target = 60E8A2FE20624C190047D59F /* IMSampler */;
			targetProxy = 60E8A31F20624C1A0047D59F /* PBXContainerItemProxy */;
		};
/* End PBXTargetDependency section */

/* Begin PBXVariantGroup section */
		60E8A30620624C190047D59F /* Main.storyboard */ = {
			isa = PBXVariantGroup;
			children = (
				60E8A30720624C190047D59F /* Base */,
			);
			name = Main.storyboard;
			sourceTree = "<group>";
		};
		60E8A30B20624C190047D59F /* LaunchScreen.storyboard */ = {
			isa = PBXVariantGroup;
			children = (
				60E8A30C20624C190047D59F /* Base */,
			);
			name = LaunchScreen.storyboard;
			sourceTree = "<group>";
		};
/* End PBXVariantGroup section */

/* Begin XCBuildConfiguration section */
		60E8A32520624C1A0047D59F /* Debug */ = {
			isa = XCBuildConfiguration;
			buildSettings = {
				ALWAYS_SEARCH_USER_PATHS = NO;
				CLANG_ANALYZER_NONNULL = YES;
				CLANG_ANALYZER_NUMBER_OBJECT_CONVERSION = YES_AGGRESSIVE;
				CLANG_CXX_LANGUAGE_STANDARD = "gnu++14";
				CLANG_CXX_LIBRARY = "libc++";
				CLANG_ENABLE_MODULES = YES;
				CLANG_ENABLE_OBJC_ARC = YES;
				CLANG_WARN_BLOCK_CAPTURE_AUTORELEASING = YES;
				CLANG_WARN_BOOL_CONVERSION = YES;
				CLANG_WARN_COMMA = YES;
				CLANG_WARN_CONSTANT_CONVERSION = YES;
				CLANG_WARN_DIRECT_OBJC_ISA_USAGE = YES_ERROR;
				CLANG_WARN_DOCUMENTATION_COMMENTS = YES;
				CLANG_WARN_EMPTY_BODY = YES;
				CLANG_WARN_ENUM_CONVERSION = YES;
				CLANG_WARN_INFINITE_RECURSION = YES;
				CLANG_WARN_INT_CONVERSION = YES;
				CLANG_WARN_NON_LITERAL_NULL_CONVERSION = YES;
				CLANG_WARN_OBJC_LITERAL_CONVERSION = YES;
				CLANG_WARN_OBJC_ROOT_CLASS = YES_ERROR;
				CLANG_WARN_RANGE_LOOP_ANALYSIS = YES;
				CLANG_WARN_STRICT_PROTOTYPES = YES;
				CLANG_WARN_SUSPICIOUS_MOVE = YES;
				CLANG_WARN_UNGUARDED_AVAILABILITY = YES_AGGRESSIVE;
				CLANG_WARN_UNREACHABLE_CODE = YES;
				CLANG_WARN__DUPLICATE_METHOD_MATCH = YES;
				CODE_SIGN_IDENTITY = "iPhone Developer";
				COPY_PHASE_STRIP = NO;
				DEBUG_INFORMATION_FORMAT = dwarf;
				ENABLE_STRICT_OBJC_MSGSEND = YES;
				ENABLE_TESTABILITY = YES;
				GCC_C_LANGUAGE_STANDARD = gnu11;
				GCC_DYNAMIC_NO_PIC = NO;
				GCC_NO_COMMON_BLOCKS = YES;
				GCC_OPTIMIZATION_LEVEL = 0;
				GCC_PREPROCESSOR_DEFINITIONS = (
					"DEBUG=1",
					"$(inherited)",
				);
				GCC_WARN_64_TO_32_BIT_CONVERSION = YES;
				GCC_WARN_ABOUT_RETURN_TYPE = YES_ERROR;
				GCC_WARN_UNDECLARED_SELECTOR = YES;
				GCC_WARN_UNINITIALIZED_AUTOS = YES_AGGRESSIVE;
				GCC_WARN_UNUSED_FUNCTION = YES;
				GCC_WARN_UNUSED_VARIABLE = YES;
				IPHONEOS_DEPLOYMENT_TARGET = 11.2;
				MTL_ENABLE_DEBUG_INFO = YES;
				ONLY_ACTIVE_ARCH = YES;
				SDKROOT = iphoneos;
				SWIFT_ACTIVE_COMPILATION_CONDITIONS = DEBUG;
				SWIFT_OPTIMIZATION_LEVEL = "-Onone";
			};
			name = Debug;
		};
		60E8A32620624C1A0047D59F /* Release */ = {
			isa = XCBuildConfiguration;
			buildSettings = {
				ALWAYS_SEARCH_USER_PATHS = NO;
				CLANG_ANALYZER_NONNULL = YES;
				CLANG_ANALYZER_NUMBER_OBJECT_CONVERSION = YES_AGGRESSIVE;
				CLANG_CXX_LANGUAGE_STANDARD = "gnu++14";
				CLANG_CXX_LIBRARY = "libc++";
				CLANG_ENABLE_MODULES = YES;
				CLANG_ENABLE_OBJC_ARC = YES;
				CLANG_WARN_BLOCK_CAPTURE_AUTORELEASING = YES;
				CLANG_WARN_BOOL_CONVERSION = YES;
				CLANG_WARN_COMMA = YES;
				CLANG_WARN_CONSTANT_CONVERSION = YES;
				CLANG_WARN_DIRECT_OBJC_ISA_USAGE = YES_ERROR;
				CLANG_WARN_DOCUMENTATION_COMMENTS = YES;
				CLANG_WARN_EMPTY_BODY = YES;
				CLANG_WARN_ENUM_CONVERSION = YES;
				CLANG_WARN_INFINITE_RECURSION = YES;
				CLANG_WARN_INT_CONVERSION = YES;
				CLANG_WARN_NON_LITERAL_NULL_CONVERSION = YES;
				CLANG_WARN_OBJC_LITERAL_CONVERSION = YES;
				CLANG_WARN_OBJC_ROOT_CLASS = YES_ERROR;
				CLANG_WARN_RANGE_LOOP_ANALYSIS = YES;
				CLANG_WARN_STRICT_PROTOTYPES = YES;
				CLANG_WARN_SUSPICIOUS_MOVE = YES;
				CLANG_WARN_UNGUARDED_AVAILABILITY = YES_AGGRESSIVE;
				CLANG_WARN_UNREACHABLE_CODE = YES;
				CLANG_WARN__DUPLICATE_METHOD_MATCH = YES;
				CODE_SIGN_IDENTITY = "iPhone Developer";
				COPY_PHASE_STRIP = NO;
				DEBUG_INFORMATION_FORMAT = "dwarf-with-dsym";
				ENABLE_NS_ASSERTIONS = NO;
				ENABLE_STRICT_OBJC_MSGSEND = YES;
				GCC_C_LANGUAGE_STANDARD = gnu11;
				GCC_NO_COMMON_BLOCKS = YES;
				GCC_WARN_64_TO_32_BIT_CONVERSION = YES;
				GCC_WARN_ABOUT_RETURN_TYPE = YES_ERROR;
				GCC_WARN_UNDECLARED_SELECTOR = YES;
				GCC_WARN_UNINITIALIZED_AUTOS = YES_AGGRESSIVE;
				GCC_WARN_UNUSED_FUNCTION = YES;
				GCC_WARN_UNUSED_VARIABLE = YES;
				IPHONEOS_DEPLOYMENT_TARGET = 11.2;
				MTL_ENABLE_DEBUG_INFO = NO;
				SDKROOT = iphoneos;
				SWIFT_OPTIMIZATION_LEVEL = "-Owholemodule";
				VALIDATE_PRODUCT = YES;
			};
			name = Release;
		};
		60E8A32820624C1A0047D59F /* Debug */ = {
			isa = XCBuildConfiguration;
			buildSettings = {
				ASSETCATALOG_COMPILER_APPICON_NAME = AppIcon;
				CLANG_ENABLE_MODULES = YES;
				CODE_SIGN_STYLE = Automatic;
				DEVELOPMENT_TEAM = RLA64LU5VG;
				FRAMEWORK_SEARCH_PATHS = (
					"$(inherited)",
					"$(PROJECT_DIR)/Carthage/Build/iOS",
				);
				INFOPLIST_FILE = IMSampler/Info.plist;
				LD_RUNPATH_SEARCH_PATHS = "$(inherited) @executable_path/Frameworks";
				PRODUCT_BUNDLE_IDENTIFIER = com.onelcat.IMSampler;
				PRODUCT_NAME = "$(TARGET_NAME)";
				SWIFT_OBJC_BRIDGING_HEADER = "IMSampler/IMSampler-Bridging-Header.h";
				SWIFT_OPTIMIZATION_LEVEL = "-Onone";
				SWIFT_VERSION = 4.0;
				TARGETED_DEVICE_FAMILY = "1,2";
			};
			name = Debug;
		};
		60E8A32920624C1A0047D59F /* Release */ = {
			isa = XCBuildConfiguration;
			buildSettings = {
				ASSETCATALOG_COMPILER_APPICON_NAME = AppIcon;
				CLANG_ENABLE_MODULES = YES;
				CODE_SIGN_STYLE = Automatic;
				DEVELOPMENT_TEAM = RLA64LU5VG;
				FRAMEWORK_SEARCH_PATHS = (
					"$(inherited)",
					"$(PROJECT_DIR)/Carthage/Build/iOS",
				);
				INFOPLIST_FILE = IMSampler/Info.plist;
				LD_RUNPATH_SEARCH_PATHS = "$(inherited) @executable_path/Frameworks";
				PRODUCT_BUNDLE_IDENTIFIER = com.onelcat.IMSampler;
				PRODUCT_NAME = "$(TARGET_NAME)";
				SWIFT_OBJC_BRIDGING_HEADER = "IMSampler/IMSampler-Bridging-Header.h";
				SWIFT_VERSION = 4.0;
				TARGETED_DEVICE_FAMILY = "1,2";
			};
			name = Release;
		};
		60E8A32B20624C1A0047D59F /* Debug */ = {
			isa = XCBuildConfiguration;
			buildSettings = {
				ALWAYS_EMBED_SWIFT_STANDARD_LIBRARIES = YES;
				BUNDLE_LOADER = "$(TEST_HOST)";
				CODE_SIGN_STYLE = Automatic;
				DEVELOPMENT_TEAM = RLA64LU5VG;
				INFOPLIST_FILE = IMSamplerTests/Info.plist;
				LD_RUNPATH_SEARCH_PATHS = "$(inherited) @executable_path/Frameworks @loader_path/Frameworks";
				PRODUCT_BUNDLE_IDENTIFIER = com.onelcat.IMSamplerTests;
				PRODUCT_NAME = "$(TARGET_NAME)";
				SWIFT_VERSION = 4.0;
				TARGETED_DEVICE_FAMILY = "1,2";
				TEST_HOST = "$(BUILT_PRODUCTS_DIR)/IMSampler.app/IMSampler";
			};
			name = Debug;
		};
		60E8A32C20624C1A0047D59F /* Release */ = {
			isa = XCBuildConfiguration;
			buildSettings = {
				ALWAYS_EMBED_SWIFT_STANDARD_LIBRARIES = YES;
				BUNDLE_LOADER = "$(TEST_HOST)";
				CODE_SIGN_STYLE = Automatic;
				DEVELOPMENT_TEAM = RLA64LU5VG;
				INFOPLIST_FILE = IMSamplerTests/Info.plist;
				LD_RUNPATH_SEARCH_PATHS = "$(inherited) @executable_path/Frameworks @loader_path/Frameworks";
				PRODUCT_BUNDLE_IDENTIFIER = com.onelcat.IMSamplerTests;
				PRODUCT_NAME = "$(TARGET_NAME)";
				SWIFT_VERSION = 4.0;
				TARGETED_DEVICE_FAMILY = "1,2";
				TEST_HOST = "$(BUILT_PRODUCTS_DIR)/IMSampler.app/IMSampler";
			};
			name = Release;
		};
		60E8A32E20624C1A0047D59F /* Debug */ = {
			isa = XCBuildConfiguration;
			buildSettings = {
				ALWAYS_EMBED_SWIFT_STANDARD_LIBRARIES = YES;
				CODE_SIGN_STYLE = Automatic;
				DEVELOPMENT_TEAM = RLA64LU5VG;
				INFOPLIST_FILE = IMSamplerUITests/Info.plist;
				LD_RUNPATH_SEARCH_PATHS = "$(inherited) @executable_path/Frameworks @loader_path/Frameworks";
				PRODUCT_BUNDLE_IDENTIFIER = com.onelcat.IMSamplerUITests;
				PRODUCT_NAME = "$(TARGET_NAME)";
				SWIFT_VERSION = 4.0;
				TARGETED_DEVICE_FAMILY = "1,2";
				TEST_TARGET_NAME = IMSampler;
			};
			name = Debug;
		};
		60E8A32F20624C1A0047D59F /* Release */ = {
			isa = XCBuildConfiguration;
			buildSettings = {
				ALWAYS_EMBED_SWIFT_STANDARD_LIBRARIES = YES;
				CODE_SIGN_STYLE = Automatic;
				DEVELOPMENT_TEAM = RLA64LU5VG;
				INFOPLIST_FILE = IMSamplerUITests/Info.plist;
				LD_RUNPATH_SEARCH_PATHS = "$(inherited) @executable_path/Frameworks @loader_path/Frameworks";
				PRODUCT_BUNDLE_IDENTIFIER = com.onelcat.IMSamplerUITests;
				PRODUCT_NAME = "$(TARGET_NAME)";
				SWIFT_VERSION = 4.0;
				TARGETED_DEVICE_FAMILY = "1,2";
				TEST_TARGET_NAME = IMSampler;
			};
			name = Release;
		};
/* End XCBuildConfiguration section */

/* Begin XCConfigurationList section */
		60E8A2FA20624C190047D59F /* Build configuration list for PBXProject "IMSampler" */ = {
			isa = XCConfigurationList;
			buildConfigurations = (
				60E8A32520624C1A0047D59F /* Debug */,
				60E8A32620624C1A0047D59F /* Release */,
			);
			defaultConfigurationIsVisible = 0;
			defaultConfigurationName = Release;
		};
		60E8A32720624C1A0047D59F /* Build configuration list for PBXNativeTarget "IMSampler" */ = {
			isa = XCConfigurationList;
			buildConfigurations = (
				60E8A32820624C1A0047D59F /* Debug */,
				60E8A32920624C1A0047D59F /* Release */,
			);
			defaultConfigurationIsVisible = 0;
			defaultConfigurationName = Release;
		};
		60E8A32A20624C1A0047D59F /* Build configuration list for PBXNativeTarget "IMSamplerTests" */ = {
			isa = XCConfigurationList;
			buildConfigurations = (
				60E8A32B20624C1A0047D59F /* Debug */,
				60E8A32C20624C1A0047D59F /* Release */,
			);
			defaultConfigurationIsVisible = 0;
			defaultConfigurationName = Release;
		};
		60E8A32D20624C1A0047D59F /* Build configuration list for PBXNativeTarget "IMSamplerUITests" */ = {
			isa = XCConfigurationList;
			buildConfigurations = (
				60E8A32E20624C1A0047D59F /* Debug */,
				60E8A32F20624C1A0047D59F /* Release */,
			);
			defaultConfigurationIsVisible = 0;
			defaultConfigurationName = Release;
		};
/* End XCConfigurationList section */
	};
	rootObject = 60E8A2F720624C190047D59F /* Project object */;
}
